{
  "requires": true,
  "lockfileVersion": 1,
  "dependencies": {
    "@mathieustan/vue-datepicker": {
      "version": "0.2.11",
      "resolved": "https://registry.npmjs.org/@mathieustan/vue-datepicker/-/vue-datepicker-0.2.11.tgz",
      "integrity": "sha512-+EQvlAwnC0fn8UCUgYaGI1r027HzrIWIbqtcYZMQ8TRZbhzT3ILXlqRSxX4z547vF7dpmCjNyvpLAF5zFMnQug==",
      "requires": {
        "body-scroll-lock": "^2.6.1",
        "dayjs": "1.8.24"
      }
    },
    "body-scroll-lock": {
      "version": "2.7.1",
      "resolved": "https://registry.npmjs.org/body-scroll-lock/-/body-scroll-lock-2.7.1.tgz",
      "integrity": "sha512-hS53SQ8RhM0e4DsQ3PKz6Gr2O7Kpdh59TWU98GHjaQznL7y4dFycEPk7pFQAikqBaUSCArkc5E3pe7CWIt2fZA=="
    },
    "dayjs": {
      "version": "1.8.24",
      "resolved": "https://registry.npmjs.org/dayjs/-/dayjs-1.8.24.tgz",
      "integrity": "sha512-bImQZbBv86zcOWOq6fLg7r4aqMx8fScdmykA7cSh+gH1Yh8AM0Dbw0gHYrsOrza6oBBnkK+/OaR+UAa9UsMrDw=="
    }
  }
}
